{
    "_meta": {
        "hash": {
            "sha256": "75836c1b98f76867cf8c4a5dc7f2030d749d71ec03237da1c075e9f0d59038d4"
        },
        "pipfile-spec": 6,
        "requires": {
            "python_version": "3.12"
        },
        "sources": [
            {
                "name": "pypi",
                "url": "https://pypi.org/simple",
                "verify_ssl": true
            }
        ]
    },
    "default": {
        "gcode-machine": {
            "hashes": [
                "sha256:a149a862b2866bac687e3fc1b6d5f1a5ab251479f029f3c4bbad32ba5ad173d5"
            ],
            "index": "pypi",
            "markers": "python_version >= '3.5'",
            "version": "==1.0.2"
        },
        "numpy": {
            "hashes": [
                "sha256:06fa1ed84aa60ea6ef9f91ba57b5ed963c3729534e6e54055fc151fad0423f0a",
                "sha256:174a8880739c16c925799c018f3f55b8130c1f7c8e75ab0a6fa9d41cab092fd6",
                "sha256:1a13860fdcd95de7cf58bd6f8bc5a5ef81c0b0625eb2c9a783948847abbef2c2",
                "sha256:1cc3d5029a30fb5f06704ad6b23b35e11309491c999838c31f124fee32107c79",
                "sha256:22f8fc02fdbc829e7a8c578dd8d2e15a9074b630d4da29cda483337e300e3ee9",
                "sha256:26c9d33f8e8b846d5a65dd068c14e04018d05533b348d9eaeef6c1bd787f9919",
                "sha256:2b3fca8a5b00184828d12b073af4d0fc5fdd94b1632c2477526f6bd7842d700d",
                "sha256:2beef57fb031dcc0dc8fa4fe297a742027b954949cabb52a2a376c144e5e6060",
                "sha256:36340109af8da8805d8851ef1d74761b3b88e81a9bd80b290bbfed61bd2b4f75",
                "sha256:3703fc9258a4a122d17043e57b35e5ef1c5a5837c3db8be396c82e04c1cf9b0f",
                "sha256:3ced40d4e9e18242f70dd02d739e44698df3dcb010d31f495ff00a31ef6014fe",
                "sha256:4a06263321dfd3598cacb252f51e521a8cb4b6df471bb12a7ee5cbab20ea9167",
                "sha256:4eb8df4bf8d3d90d091e0146f6c28492b0be84da3e409ebef54349f71ed271ef",
                "sha256:5d5244aabd6ed7f312268b9247be47343a654ebea52a60f002dc70c769048e75",
                "sha256:64308ebc366a8ed63fd0bf426b6a9468060962f1a4339ab1074c228fa6ade8e3",
                "sha256:6a3cdb4d9c70e6b8c0814239ead47da00934666f668426fc6e94cce869e13fd7",
                "sha256:854ab91a2906ef29dc3925a064fcd365c7b4da743f84b123002f6139bcb3f8a7",
                "sha256:94cc3c222bb9fb5a12e334d0479b97bb2df446fbe622b470928f5284ffca3f8d",
                "sha256:96ca5482c3dbdd051bcd1fce8034603d6ebfc125a7bd59f55b40d8f5d246832b",
                "sha256:a2bbc29fcb1771cd7b7425f98b05307776a6baf43035d3b80c4b0f29e9545186",
                "sha256:a4cd6ed4a339c21f1d1b0fdf13426cb3b284555c27ac2f156dfdaaa7e16bfab0",
                "sha256:aa18428111fb9a591d7a9cc1b48150097ba6a7e8299fb56bdf574df650e7d1f1",
                "sha256:aa317b2325f7aa0a9471663e6093c210cb2ae9c0ad824732b307d2c51983d5b6",
                "sha256:b04f5dc6b3efdaab541f7857351aac359e6ae3c126e2edb376929bd3b7f92d7e",
                "sha256:b272d4cecc32c9e19911891446b72e986157e6a1809b7b56518b4f3755267523",
                "sha256:b361d369fc7e5e1714cf827b731ca32bff8d411212fccd29ad98ad622449cc36",
                "sha256:b96e7b9c624ef3ae2ae0e04fa9b460f6b9f17ad8b4bec6d7756510f1f6c0c841",
                "sha256:baf8aab04a2c0e859da118f0b38617e5ee65d75b83795055fb66c0d5e9e9b818",
                "sha256:bcc008217145b3d77abd3e4d5ef586e3bdfba8fe17940769f8aa09b99e856c00",
                "sha256:bd3f0091e845164a20bd5a326860c840fe2af79fa12e0469a12768a3ec578d80",
                "sha256:cc392fdcbd21d4be6ae1bb4475a03ce3b025cd49a9be5345d76d7585aea69440",
                "sha256:d73a3abcac238250091b11caef9ad12413dab01669511779bc9b29261dd50210",
                "sha256:f43740ab089277d403aa07567be138fc2a89d4d9892d113b76153e0e412409f8",
                "sha256:f65738447676ab5777f11e6bbbdb8ce11b785e105f690bc45966574816b6d3ea",
                "sha256:f79b231bf5c16b1f39c7f4875e1ded36abee1591e98742b05d8a0fb55d8a3eec",
                "sha256:fe6b44fb8fcdf7eda4ef4461b97b3f63c466b27ab151bec2366db8b197387841"
            ],
            "index": "pypi",
            "markers": "python_version >= '3.9'",
            "version": "==1.26.2"
        },
        "pyopengl": {
            "hashes": [
                "sha256:a6ab19cf290df6101aaf7470843a9c46207789855746399d0af92521a0a92b7a",
                "sha256:eef31a3888e6984fd4d8e6c9961b184c9813ca82604d37fe3da80eb000a76c86"
            ],
            "index": "pypi",
            "version": "==3.1.7"
        },
        "pyqt5": {
            "hashes": [
                "sha256:501355f327e9a2c38db0428e1a236d25ebcb99304cd6e668c05d1188d514adec",
                "sha256:862cea3be95b4b0a2b9678003b3a18edf7bd5eafd673860f58820f246d4bf616",
                "sha256:93288d62ebd47b1933d80c27f5d43c7c435307b84d480af689cef2474e87e4c8",
                "sha256:b89478d16d4118664ff58ed609e0a804d002703c9420118de7e4e70fa1cb5486",
                "sha256:d46b7804b1b10a4ff91753f8113e5b5580d2b4462f3226288e2d84497334898a",
                "sha256:ff99b4f91aa8eb60510d5889faad07116d3340041916e46c07d519f7cad344e1"
            ],
            "index": "pypi",
            "markers": "python_version >= '3.7'",
            "version": "==5.15.10"
        },
        "pyqt5-qt5": {
            "hashes": [
                "sha256:1988f364ec8caf87a6ee5d5a3a5210d57539988bf8e84714c7d60972692e2f4a",
                "sha256:750b78e4dba6bdf1607febedc08738e318ea09e9b10aea9ff0d73073f11f6962",
                "sha256:76980cd3d7ae87e3c7a33bfebfaee84448fd650bad6840471d6cae199b56e154",
                "sha256:9cc7a768b1921f4b982ebc00a318ccb38578e44e45316c7a4a850e953e1dd327"
            ],
            "version": "==5.15.2"
        },
        "pyqt5-sip": {
            "hashes": [
                "sha256:0f85fb633a522f04e48008de49dce1ff1d947011b48885b8428838973fbca412",
                "sha256:108a15f603e1886988c4b0d9d41cb74c9f9815bf05cefc843d559e8c298a10ce",
                "sha256:1c8371682f77852256f1f2d38c41e2e684029f43330f0635870895ab01c02f6c",
                "sha256:205cd449d08a2b024a468fb6100cd7ed03e946b4f49706f508944006f955ae1a",
                "sha256:29fa9cc964517c9fc3f94f072b9a2aeef4e7a2eda1879cb835d9e06971161cdf",
                "sha256:3188a06956aef86f604fb0d14421a110fad70d2a9e943dbacbfc3303f651dade",
                "sha256:3a4498f3b1b15f43f5d12963accdce0fd652b0bcaae6baf8008663365827444c",
                "sha256:5338773bbaedaa4f16a73c142fb23cc18c327be6c338813af70260b756c7bc92",
                "sha256:6e4ac714252370ca037c7d609da92388057165edd4f94e63354f6d65c3ed9d53",
                "sha256:773731b1b5ab1a7cf5621249f2379c95e3d2905e9bd96ff3611b119586daa876",
                "sha256:7f321daf84b9c9dbca61b80e1ef37bdaffc0e93312edae2cd7da25b953971d91",
                "sha256:7fe3375b508c5bc657d73b9896bba8a768791f1f426c68053311b046bcebdddf",
                "sha256:96414c93f3d33963887cf562d50d88b955121fbfd73f937c8eca46643e77bf61",
                "sha256:9a8cdd6cb66adcbe5c941723ed1544eba05cf19b6c961851b58ccdae1c894afb",
                "sha256:9b984c2620a7a7eaf049221b09ae50a345317add2624c706c7d2e9e6632a9587",
                "sha256:a7e3623b2c743753625c4650ec7696362a37fb36433b61824cf257f6d3d43cca",
                "sha256:bbc7cd498bf19e0862097be1ad2243e824dea56726f00c11cff1b547c2d31d01",
                "sha256:d5032da3fff62da055104926ffe76fd6044c1221f8ad35bb60804bcb422fe866",
                "sha256:db228cd737f5cbfc66a3c3e50042140cb80b30b52edc5756dbbaa2346ec73137",
                "sha256:ec60162e034c42fb99859206d62b83b74f987d58937b3a82bdc07b5c3d190dec",
                "sha256:fb4a5271fa3f6bc2feb303269a837a95a6d8dd16be553aa40e530de7fb81bfdf"
            ],
            "markers": "python_version >= '3.7'",
            "version": "==12.13.0"
        }
    },
    "develop": {}
}
